
Microsoft Visual Studio Solution File, Format Version 12.00
# Visual Studio 15
VisualStudioVersion = 15.0.28307.539
MinimumVisualStudioVersion = 10.0.40219.1
Project("{FAE04EC0-301F-11D3-BF4B-00C04F79EFBC}") = "AsmxTestHarness", "AsmxTestHarness\AsmxTestHarness.csproj", "{42F67544-6656-48B8-8E24-C99E15DA476C}"
EndProject
Global
	GlobalSection(SolutionConfigurationPlatforms) = preSolution
		Debug|Any CPU = Debug|Any CPU
		Release|Any CPU = Release|Any CPU
	EndGlobalSection
	GlobalSection(ProjectConfigurationPlatforms) = postSolution
		{42F67544-6656-48B8-8E24-C99E15DA476C}.Debug|Any CPU.ActiveCfg = Debug|Any CPU
		{42F67544-6656-48B8-8E24-C99E15DA476C}.Debug|Any CPU.Build.0 = Debug|Any CPU
		{42F67544-6656-48B8-8E24-C99E15DA476C}.Release|Any CPU.ActiveCfg = Release|Any CPU
		{42F67544-6656-48B8-8E24-C99E15DA476C}.Release|Any CPU.Build.0 = Release|Any CPU
	EndGlobalSection
	GlobalSection(SolutionProperties) = preSolution
		HideSolutionNode = FALSE
	EndGlobalSection
	GlobalSection(ExtensibilityGlobals) = postSolution
		SolutionGuid = {2A9853BC-4432-4631-B8BC-EB6C1371F8B2}
	EndGlobalSection
EndGlobal
